{
  "requires": true,
  "lockfileVersion": 1,
  "dependencies": {
    "bancho.js": {
      "version": "0.9.7",
      "resolved": "https://registry.npmjs.org/bancho.js/-/bancho.js-0.9.7.tgz",
      "integrity": "sha512-0W08wnmzWWg+Pyqi2RSrPFrrYJcj8zZNRnrTSUZunxnQOXRQavx9bdZXEe6uF4l3WShzoo8aeYjrZrgZnvdcHg==",
      "requires": {
        "nodesu": "^0.7.2"
      }
    },
    "dotenv": {
      "version": "8.2.0",
      "resolved": "https://registry.npmjs.org/dotenv/-/dotenv-8.2.0.tgz",
      "integrity": "sha512-8sJ78ElpbDJBHNeBzUbUVLsqKdccaa/BXF1uPTw3GrvQTBgrQrtObr2mUrE38vzYd8cEv+m/JBfDLioYcfXoaw=="
    },
    "limiter": {
      "version": "1.1.5",
      "resolved": "https://registry.npmjs.org/limiter/-/limiter-1.1.5.tgz",
      "integrity": "sha512-FWWMIEOxz3GwUI4Ts/IvgVy6LPvoMPgjMdQ185nN6psJyBJ4yOpzqm695/h5umdLJg2vW3GR5iG11MAkR2AzJA=="
    },
    "nodesu": {
      "version": "0.7.2",
      "resolved": "https://registry.npmjs.org/nodesu/-/nodesu-0.7.2.tgz",
      "integrity": "sha512-RF7jzM51vyd8ocArfmnnqqlCz/XS7EujSrdL+N/685XWwSN1nhUZxrgxLZ260CMrX03ThoAaMAH2pqQZOt1EbA==",
      "requires": {
        "limiter": "^1.1.0"
      }
    },
    "yarn": {
      "version": "1.22.10",
      "resolved": "https://registry.npmjs.org/yarn/-/yarn-1.22.10.tgz",
      "integrity": "sha512-IanQGI9RRPAN87VGTF7zs2uxkSyQSrSPsju0COgbsKQOOXr5LtcVPeyXWgwVa0ywG3d8dg6kSYKGBuYK021qeA=="
    }
  }
}
