# THIS IS AN AUTOGENERATED FILE. DO NOT EDIT THIS FILE DIRECTLY.
# yarn lockfile v1


bancho.js@^0.9.7:
  version "0.9.7"
  resolved "https://registry.yarnpkg.com/bancho.js/-/bancho.js-0.9.7.tgz#0fc87c897aced6da3aa71bf41221d2173ed5d287"
  integrity sha512-0W08wnmzWWg+Pyqi2RSrPFrrYJcj8zZNRnrTSUZunxnQOXRQavx9bdZXEe6uF4l3WShzoo8aeYjrZrgZnvdcHg==
  dependencies:
    nodesu "^0.7.2"

dotenv@^8.2.0:
  version "8.2.0"
  resolved "https://registry.yarnpkg.com/dotenv/-/dotenv-8.2.0.tgz#97e619259ada750eea3e4ea3e26bceea5424b16a"
  integrity sha512-8sJ78ElpbDJBHNeBzUbUVLsqKdccaa/BXF1uPTw3GrvQTBgrQrtObr2mUrE38vzYd8cEv+m/JBfDLioYcfXoaw==

limiter@^1.1.0:
  version "1.1.5"
  resolved "https://registry.yarnpkg.com/limiter/-/limiter-1.1.5.tgz#8f92a25b3b16c6131293a0cc834b4a838a2aa7c2"
  integrity sha512-FWWMIEOxz3GwUI4Ts/IvgVy6LPvoMPgjMdQ185nN6psJyBJ4yOpzqm695/h5umdLJg2vW3GR5iG11MAkR2AzJA==

nodesu@^0.7.2:
  version "0.7.2"
  resolved "https://registry.yarnpkg.com/nodesu/-/nodesu-0.7.2.tgz#c0b0de7585e662a83bef5197cb7cbd0a4458f1ef"
  integrity sha512-RF7jzM51vyd8ocArfmnnqqlCz/XS7EujSrdL+N/685XWwSN1nhUZxrgxLZ260CMrX03ThoAaMAH2pqQZOt1EbA==
  dependencies:
    limiter "^1.1.0"

yarn@^1.22.10:
  version "1.22.10"
  resolved "https://registry.yarnpkg.com/yarn/-/yarn-1.22.10.tgz#c99daa06257c80f8fa2c3f1490724e394c26b18c"
  integrity sha512-IanQGI9RRPAN87VGTF7zs2uxkSyQSrSPsju0COgbsKQOOXr5LtcVPeyXWgwVa0ywG3d8dg6kSYKGBuYK021qeA==
